// !$*UTF8*$!
{
	archiveVersion = 1;
	classes = {
	};
	objectVersion = 50;
	objects = {

/* Begin PBXBuildFile section */
		6562022D20AD375600B761E4 /* AppDelegate.swift in Sources */ = {isa = PBXBuildFile; fileRef = 6562022C20AD375600B761E4 /* AppDelegate.swift */; };
		6562022F20AD375600B761E4 /* ViewController.swift in Sources */ = {isa = PBXBuildFile; fileRef = 6562022E20AD375600B761E4 /* ViewController.swift */; };
		6562023220AD375600B761E4 /* Main.storyboard in Resources */ = {isa = PBXBuildFile; fileRef = 6562023020AD375600B761E4 /* Main.storyboard */; };
		6562023420AD375700B761E4 /* Assets.xcassets in Resources */ = {isa = PBXBuildFile; fileRef = 6562023320AD375700B761E4 /* Assets.xcassets */; };
		6562023720AD375700B761E4 /* LaunchScreen.storyboard in Resources */ = {isa = PBXBuildFile; fileRef = 6562023520AD375700B761E4 /* LaunchScreen.storyboard */; };
		6562024320AD3FBB00B761E4 /* image.jpg in Resources */ = {isa = PBXBuildFile; fileRef = 6562024220AD3FBB00B761E4 /* image.jpg */; };
		8FAA0079BC79053D992487A0 /* Pods_ScratchImageExample.framework in Frameworks */ = {isa = PBXBuildFile; fileRef = 12CB7141608E067B0E60AC43 /* Pods_ScratchImageExample.framework */; };
/* End PBXBuildFile section */

/* Begin PBXFileReference section */
		0DA134B4CABDD83C2B09DD0D /* Pods-ScratchImageExample.release.xcconfig */ = {isa = PBXFileReference; includeInIndex = 1; lastKnownFileType = text.xcconfig; name = "Pods-ScratchImageExample.release.xcconfig"; path = "Pods/Target Support Files/Pods-ScratchImageExample/Pods-ScratchImageExample.release.xcconfig"; sourceTree = "<group>"; };
		12CB7141608E067B0E60AC43 /* Pods_ScratchImageExample.framework */ = {isa = PBXFileReference; explicitFileType = wrapper.framework; includeInIndex = 0; path = Pods_ScratchImageExample.framework; sourceTree = BUILT_PRODUCTS_DIR; };
		6562022920AD375600B761E4 /* ScratchImageExample.app */ = {isa = PBXFileReference; explicitFileType = wrapper.application; includeInIndex = 0; path = ScratchImageExample.app; sourceTree = BUILT_PRODUCTS_DIR; };
		6562022C20AD375600B761E4 /* AppDelegate.swift */ = {isa = PBXFileReference; lastKnownFileType = sourcecode.swift; path = AppDelegate.swift; sourceTree = "<group>"; };
		6562022E20AD375600B761E4 /* ViewController.swift */ = {isa = PBXFileReference; lastKnownFileType = sourcecode.swift; path = ViewController.swift; sourceTree = "<group>"; };
		6562023120AD375600B761E4 /* Base */ = {isa = PBXFileReference; lastKnownFileType = file.storyboard; name = Base; path = Base.lproj/Main.storyboard; sourceTree = "<group>"; };
		6562023320AD375700B761E4 /* Assets.xcassets */ = {isa = PBXFileReference; lastKnownFileType = folder.assetcatalog; path = Assets.xcassets; sourceTree = "<group>"; };
		6562023620AD375700B761E4 /* Base */ = {isa = PBXFileReference; lastKnownFileType = file.storyboard; name = Base; path = Base.lproj/LaunchScreen.storyboard; sourceTree = "<group>"; };
		6562023820AD375700B761E4 /* Info.plist */ = {isa = PBXFileReference; lastKnownFileType = text.plist.xml; path = Info.plist; sourceTree = "<group>"; };
		6562024220AD3FBB00B761E4 /* image.jpg */ = {isa = PBXFileReference; lastKnownFileType = image.jpeg; path = image.jpg; sourceTree = "<group>"; };
		8EB15BD6DCB0A9AF96232711 /* Pods-ScratchImageExample.debug.xcconfig */ = {isa = PBXFileReference; includeInIndex = 1; lastKnownFileType = text.xcconfig; name = "Pods-ScratchImageExample.debug.xcconfig"; path = "Pods/Target Support Files/Pods-ScratchImageExample/Pods-ScratchImageExample.debug.xcconfig"; sourceTree = "<group>"; };
/* End PBXFileReference section */

/* Begin PBXFrameworksBuildPhase section */
		6562022620AD375600B761E4 /* Frameworks */ = {
			isa = PBXFrameworksBuildPhase;
			buildActionMask = 2147483647;
			files = (
				8FAA0079BC79053D992487A0 /* Pods_ScratchImageExample.framework in Frameworks */,
			);
			runOnlyForDeploymentPostprocessing = 0;
		};
/* End PBXFrameworksBuildPhase section */

/* Begin PBXGroup section */
		6562022020AD375600B761E4 = {
			isa = PBXGroup;
			children = (
				6562022B20AD375600B761E4 /* ScratchImageExample */,
				6562022A20AD375600B761E4 /* Products */,
				A5C50008BA63DDE146B9B220 /* Pods */,
				7F54F501D597CAB4D907D20E /* Frameworks */,
			);
			sourceTree = "<group>";
		};
		6562022A20AD375600B761E4 /* Products */ = {
			isa = PBXGroup;
			children = (
				6562022920AD375600B761E4 /* ScratchImageExample.app */,
			);
			name = Products;
			sourceTree = "<group>";
		};
		6562022B20AD375600B761E4 /* ScratchImageExample */ = {
			isa = PBXGroup;
			children = (
				6562024220AD3FBB00B761E4 /* image.jpg */,
				6562023820AD375700B761E4 /* Info.plist */,
				6562022C20AD375600B761E4 /* AppDelegate.swift */,
				6562022E20AD375600B761E4 /* ViewController.swift */,
				6562023320AD375700B761E4 /* Assets.xcassets */,
				6562023520AD375700B761E4 /* LaunchScreen.storyboard */,
				6562023020AD375600B761E4 /* Main.storyboard */,
			);
			path = ScratchImageExample;
			sourceTree = "<group>";
		};
		7F54F501D597CAB4D907D20E /* Frameworks */ = {
			isa = PBXGroup;
			children = (
				12CB7141608E067B0E60AC43 /* Pods_ScratchImageExample.framework */,
			);
			name = Frameworks;
			sourceTree = "<group>";
		};
		A5C50008BA63DDE146B9B220 /* Pods */ = {
			isa = PBXGroup;
			children = (
				8EB15BD6DCB0A9AF96232711 /* Pods-ScratchImageExample.debug.xcconfig */,
				0DA134B4CABDD83C2B09DD0D /* Pods-ScratchImageExample.release.xcconfig */,
			);
			name = Pods;
			sourceTree = "<group>";
		};
/* End PBXGroup section */

/* Begin PBXNativeTarget section */
		6562022820AD375600B761E4 /* ScratchImageExample */ = {
			isa = PBXNativeTarget;
			buildConfigurationList = 6562023B20AD375700B761E4 /* Build configuration list for PBXNativeTarget "ScratchImageExample" */;
			buildPhases = (
				89262BE1C42DD15BC2C6A794 /* [CP] Check Pods Manifest.lock */,
				6562022520AD375600B761E4 /* Sources */,
				6562022620AD375600B761E4 /* Frameworks */,
				6562022720AD375600B761E4 /* Resources */,
				B3746EDCCD53F65DEAAA2073 /* [CP] Embed Pods Frameworks */,
			);
			buildRules = (
			);
			dependencies = (
			);
			name = ScratchImageExample;
			productName = ScratchImageExample;
			productReference = 6562022920AD375600B761E4 /* ScratchImageExample.app */;
			productType = "com.apple.product-type.application";
		};
/* End PBXNativeTarget section */

/* Begin PBXProject section */
		6562022120AD375600B761E4 /* Project object */ = {
			isa = PBXProject;
			attributes = {
				LastSwiftUpdateCheck = 0930;
				LastUpgradeCheck = 0930;
				ORGANIZATIONNAME = "k-lpmg";
				TargetAttributes = {
					6562022820AD375600B761E4 = {
						CreatedOnToolsVersion = 9.3;
					};
				};
			};
			buildConfigurationList = 6562022420AD375600B761E4 /* Build configuration list for PBXProject "ScratchImageExample" */;
			compatibilityVersion = "Xcode 9.3";
			developmentRegion = en;
			hasScannedForEncodings = 0;
			knownRegions = (
				en,
				Base,
			);
			mainGroup = 6562022020AD375600B761E4;
			productRefGroup = 6562022A20AD375600B761E4 /* Products */;
			projectDirPath = "";
			projectRoot = "";
			targets = (
				6562022820AD375600B761E4 /* ScratchImageExample */,
			);
		};
/* End PBXProject section */

/* Begin PBXResourcesBuildPhase section */
		6562022720AD375600B761E4 /* Resources */ = {
			isa = PBXResourcesBuildPhase;
			buildActionMask = 2147483647;
			files = (
				6562023720AD375700B761E4 /* LaunchScreen.storyboard in Resources */,
				6562023420AD375700B761E4 /* Assets.xcassets in Resources */,
				6562023220AD375600B761E4 /* Main.storyboard in Resources */,
				6562024320AD3FBB00B761E4 /* image.jpg in Resources */,
			);
			runOnlyForDeploymentPostprocessing = 0;
		};
/* End PBXResourcesBuildPhase section */

/* Begin PBXShellScriptBuildPhase section */
		89262BE1C42DD15BC2C6A794 /* [CP] Check Pods Manifest.lock */ = {
			isa = PBXShellScriptBuildPhase;
			buildActionMask = 2147483647;
			files = (
			);
			inputPaths = (
				"${PODS_PODFILE_DIR_PATH}/Podfile.lock",
				"${PODS_ROOT}/Manifest.lock",
			);
			name = "[CP] Check Pods Manifest.lock";
			outputPaths = (
				"$(DERIVED_FILE_DIR)/Pods-ScratchImageExample-checkManifestLockResult.txt",
			);
			runOnlyForDeploymentPostprocessing = 0;
			shellPath = /bin/sh;
			shellScript = "diff \"${PODS_PODFILE_DIR_PATH}/Podfile.lock\" \"${PODS_ROOT}/Manifest.lock\" > /dev/null\nif [ $? != 0 ] ; then\n    # print error to STDERR\n    echo \"error: The sandbox is not in sync with the Podfile.lock. Run 'pod install' or update your CocoaPods installation.\" >&2\n    exit 1\nfi\n# This output is used by Xcode 'outputs' to avoid re-running this script phase.\necho \"SUCCESS\" > \"${SCRIPT_OUTPUT_FILE_0}\"\n";
			showEnvVarsInLog = 0;
		};
		B3746EDCCD53F65DEAAA2073 /* [CP] Embed Pods Frameworks */ = {
			isa = PBXShellScriptBuildPhase;
			buildActionMask = 2147483647;
			files = (
			);
			inputPaths = (
				"${SRCROOT}/Pods/Target Support Files/Pods-ScratchImageExample/Pods-ScratchImageExample-frameworks.sh",
				"${BUILT_PRODUCTS_DIR}/ScratchImage/ScratchImage.framework",
			);
			name = "[CP] Embed Pods Frameworks";
			outputPaths = (
				"${TARGET_BUILD_DIR}/${FRAMEWORKS_FOLDER_PATH}/ScratchImage.framework",
			);
			runOnlyForDeploymentPostprocessing = 0;
			shellPath = /bin/sh;
			shellScript = "\"${SRCROOT}/Pods/Target Support Files/Pods-ScratchImageExample/Pods-ScratchImageExample-frameworks.sh\"\n";
			showEnvVarsInLog = 0;
		};
/* End PBXShellScriptBuildPhase section */

/* Begin PBXSourcesBuildPhase section */
		6562022520AD375600B761E4 /* Sources */ = {
			isa = PBXSourcesBuildPhase;
			buildActionMask = 2147483647;
			files = (
				6562022F20AD375600B761E4 /* ViewController.swift in Sources */,
				6562022D20AD375600B761E4 /* AppDelegate.swift in Sources */,
			);
			runOnlyForDeploymentPostprocessing = 0;
		};
/* End PBXSourcesBuildPhase section */

/* Begin PBXVariantGroup section */
		6562023020AD375600B761E4 /* Main.storyboard */ = {
			isa = PBXVariantGroup;
			children = (
				6562023120AD375600B761E4 /* Base */,
			);
			name = Main.storyboard;
			sourceTree = "<group>";
		};
		6562023520AD375700B761E4 /* LaunchScreen.storyboard */ = {
			isa = PBXVariantGroup;
			children = (
				6562023620AD375700B761E4 /* Base */,
			);
			name = LaunchScreen.storyboard;
			sourceTree = "<group>";
		};
/* End PBXVariantGroup section */

/* Begin XCBuildConfiguration section */
		6562023920AD375700B761E4 /* Debug */ = {
			isa = XCBuildConfiguration;
			buildSettings = {
				ALWAYS_SEARCH_USER_PATHS = NO;
				CLANG_ANALYZER_NONNULL = YES;
				CLANG_ANALYZER_NUMBER_OBJECT_CONVERSION = YES_AGGRESSIVE;
				CLANG_CXX_LANGUAGE_STANDARD = "gnu++14";
				CLANG_CXX_LIBRARY = "libc++";
				CLANG_ENABLE_MODULES = YES;
				CLANG_ENABLE_OBJC_ARC = YES;
				CLANG_ENABLE_OBJC_WEAK = YES;
				CLANG_WARN_BLOCK_CAPTURE_AUTORELEASING = YES;
				CLANG_WARN_BOOL_CONVERSION = YES;
				CLANG_WARN_COMMA = YES;
				CLANG_WARN_CONSTANT_CONVERSION = YES;
				CLANG_WARN_DEPRECATED_OBJC_IMPLEMENTATIONS = YES;
				CLANG_WARN_DIRECT_OBJC_ISA_USAGE = YES_ERROR;
				CLANG_WARN_DOCUMENTATION_COMMENTS = YES;
				CLANG_WARN_EMPTY_BODY = YES;
				CLANG_WARN_ENUM_CONVERSION = YES;
				CLANG_WARN_INFINITE_RECURSION = YES;
				CLANG_WARN_INT_CONVERSION = YES;
				CLANG_WARN_NON_LITERAL_NULL_CONVERSION = YES;
				CLANG_WARN_OBJC_IMPLICIT_RETAIN_SELF = YES;
				CLANG_WARN_OBJC_LITERAL_CONVERSION = YES;
				CLANG_WARN_OBJC_ROOT_CLASS = YES_ERROR;
				CLANG_WARN_RANGE_LOOP_ANALYSIS = YES;
				CLANG_WARN_STRICT_PROTOTYPES = YES;
				CLANG_WARN_SUSPICIOUS_MOVE = YES;
				CLANG_WARN_UNGUARDED_AVAILABILITY = YES_AGGRESSIVE;
				CLANG_WARN_UNREACHABLE_CODE = YES;
				CLANG_WARN__DUPLICATE_METHOD_MATCH = YES;
				CODE_SIGN_IDENTITY = "iPhone Developer";
				COPY_PHASE_STRIP = NO;
				DEBUG_INFORMATION_FORMAT = dwarf;
				ENABLE_STRICT_OBJC_MSGSEND = YES;
				ENABLE_TESTABILITY = YES;
				GCC_C_LANGUAGE_STANDARD = gnu11;
				GCC_DYNAMIC_NO_PIC = NO;
				GCC_NO_COMMON_BLOCKS = YES;
				GCC_OPTIMIZATION_LEVEL = 0;
				GCC_PREPROCESSOR_DEFINITIONS = (
					"DEBUG=1",
					"$(inherited)",
				);
				GCC_WARN_64_TO_32_BIT_CONVERSION = YES;
				GCC_WARN_ABOUT_RETURN_TYPE = YES_ERROR;
				GCC_WARN_UNDECLARED_SELECTOR = YES;
				GCC_WARN_UNINITIALIZED_AUTOS = YES_AGGRESSIVE;
				GCC_WARN_UNUSED_FUNCTION = YES;
				GCC_WARN_UNUSED_VARIABLE = YES;
				IPHONEOS_DEPLOYMENT_TARGET = 11.3;
				MTL_ENABLE_DEBUG_INFO = YES;
				ONLY_ACTIVE_ARCH = YES;
				SDKROOT = iphoneos;
				SWIFT_ACTIVE_COMPILATION_CONDITIONS = DEBUG;
				SWIFT_OPTIMIZATION_LEVEL = "-Onone";
			};
			name = Debug;
		};
		6562023A20AD375700B761E4 /* Release */ = {
			isa = XCBuildConfiguration;
			buildSettings = {
				ALWAYS_SEARCH_USER_PATHS = NO;
				CLANG_ANALYZER_NONNULL = YES;
				CLANG_ANALYZER_NUMBER_OBJECT_CONVERSION = YES_AGGRESSIVE;
				CLANG_CXX_LANGUAGE_STANDARD = "gnu++14";
				CLANG_CXX_LIBRARY = "libc++";
				CLANG_ENABLE_MODULES = YES;
				CLANG_ENABLE_OBJC_ARC = YES;
				CLANG_ENABLE_OBJC_WEAK = YES;
				CLANG_WARN_BLOCK_CAPTURE_AUTORELEASING = YES;
				CLANG_WARN_BOOL_CONVERSION = YES;
				CLANG_WARN_COMMA = YES;
				CLANG_WARN_CONSTANT_CONVERSION = YES;
				CLANG_WARN_DEPRECATED_OBJC_IMPLEMENTATIONS = YES;
				CLANG_WARN_DIRECT_OBJC_ISA_USAGE = YES_ERROR;
				CLANG_WARN_DOCUMENTATION_COMMENTS = YES;
				CLANG_WARN_EMPTY_BODY = YES;
				CLANG_WARN_ENUM_CONVERSION = YES;
				CLANG_WARN_INFINITE_RECURSION = YES;
				CLANG_WARN_INT_CONVERSION = YES;
				CLANG_WARN_NON_LITERAL_NULL_CONVERSION = YES;
				CLANG_WARN_OBJC_IMPLICIT_RETAIN_SELF = YES;
				CLANG_WARN_OBJC_LITERAL_CONVERSION = YES;
				CLANG_WARN_OBJC_ROOT_CLASS = YES_ERROR;
				CLANG_WARN_RANGE_LOOP_ANALYSIS = YES;
				CLANG_WARN_STRICT_PROTOTYPES = YES;
				CLANG_WARN_SUSPICIOUS_MOVE = YES;
				CLANG_WARN_UNGUARDED_AVAILABILITY = YES_AGGRESSIVE;
				CLANG_WARN_UNREACHABLE_CODE = YES;
				CLANG_WARN__DUPLICATE_METHOD_MATCH = YES;
				CODE_SIGN_IDENTITY = "iPhone Developer";
				COPY_PHASE_STRIP = NO;
				DEBUG_INFORMATION_FORMAT = "dwarf-with-dsym";
				ENABLE_NS_ASSERTIONS = NO;
				ENABLE_STRICT_OBJC_MSGSEND = YES;
				GCC_C_LANGUAGE_STANDARD = gnu11;
				GCC_NO_COMMON_BLOCKS = YES;
				GCC_WARN_64_TO_32_BIT_CONVERSION = YES;
				GCC_WARN_ABOUT_RETURN_TYPE = YES_ERROR;
				GCC_WARN_UNDECLARED_SELECTOR = YES;
				GCC_WARN_UNINITIALIZED_AUTOS = YES_AGGRESSIVE;
				GCC_WARN_UNUSED_FUNCTION = YES;
				GCC_WARN_UNUSED_VARIABLE = YES;
				IPHONEOS_DEPLOYMENT_TARGET = 11.3;
				MTL_ENABLE_DEBUG_INFO = NO;
				SDKROOT = iphoneos;
				SWIFT_COMPILATION_MODE = wholemodule;
				SWIFT_OPTIMIZATION_LEVEL = "-O";
				VALIDATE_PRODUCT = YES;
			};
			name = Release;
		};
		6562023C20AD375700B761E4 /* Debug */ = {
			isa = XCBuildConfiguration;
			baseConfigurationReference = 8EB15BD6DCB0A9AF96232711 /* Pods-ScratchImageExample.debug.xcconfig */;
			buildSettings = {
				ASSETCATALOG_COMPILER_APPICON_NAME = AppIcon;
				CODE_SIGN_STYLE = Manual;
				DEVELOPMENT_TEAM = "";
				INFOPLIST_FILE = ScratchImageExample/Info.plist;
				LD_RUNPATH_SEARCH_PATHS = (
					"$(inherited)",
					"@executable_path/Frameworks",
				);
				PRODUCT_BUNDLE_IDENTIFIER = cashwalk.ScratchImageExample;
				PRODUCT_NAME = "$(TARGET_NAME)";
				PROVISIONING_PROFILE_SPECIFIER = "";
				SWIFT_VERSION = 4.0;
				TARGETED_DEVICE_FAMILY = "1,2";
			};
			name = Debug;
		};
		6562023D20AD375700B761E4 /* Release */ = {
			isa = XCBuildConfiguration;
			baseConfigurationReference = 0DA134B4CABDD83C2B09DD0D /* Pods-ScratchImageExample.release.xcconfig */;
			buildSettings = {
				ASSETCATALOG_COMPILER_APPICON_NAME = AppIcon;
				CODE_SIGN_STYLE = Manual;
				DEVELOPMENT_TEAM = "";
				INFOPLIST_FILE = ScratchImageExample/Info.plist;
				LD_RUNPATH_SEARCH_PATHS = (
					"$(inherited)",
					"@executable_path/Frameworks",
				);
				PRODUCT_BUNDLE_IDENTIFIER = cashwalk.ScratchImageExample;
				PRODUCT_NAME = "$(TARGET_NAME)";
				PROVISIONING_PROFILE_SPECIFIER = "";
				SWIFT_VERSION = 4.0;
				TARGETED_DEVICE_FAMILY = "1,2";
			};
			name = Release;
		};
/* End XCBuildConfiguration section */

/* Begin XCConfigurationList section */
		6562022420AD375600B761E4 /* Build configuration list for PBXProject "ScratchImageExample" */ = {
			isa = XCConfigurationList;
			buildConfigurations = (
				6562023920AD375700B761E4 /* Debug */,
				6562023A20AD375700B761E4 /* Release */,
			);
			defaultConfigurationIsVisible = 0;
			defaultConfigurationName = Release;
		};
		6562023B20AD375700B761E4 /* Build configuration list for PBXNativeTarget "ScratchImageExample" */ = {
			isa = XCConfigurationList;
			buildConfigurations = (
				6562023C20AD375700B761E4 /* Debug */,
				6562023D20AD375700B761E4 /* Release */,
			);
			defaultConfigurationIsVisible = 0;
			defaultConfigurationName = Release;
		};
/* End XCConfigurationList section */
	};
	rootObject = 6562022120AD375600B761E4 /* Project object */;
}
